<?xml version="1.0" encoding="utf-8"?>
<Project ToolsVersion="4.0" xmlns="http://schemas.microsoft.com/developer/msbuild/2003">
  <ItemGroup>
    <Filter Include="Source Files">
      <UniqueIdentifier>{4FC737F1-C7A5-4376-A066-2A32D752A2FF}</UniqueIdentifier>
      <Extensions>cpp;c;cc;cxx;c++;cppm;ixx;def;odl;idl;hpj;bat;asm;asmx</Extensions>
    </Filter>
    <Filter Include="Header Files">
      <UniqueIdentifier>{93995380-89BD-4b04-88EB-625FBE52EBFB}</UniqueIdentifier>
      <Extensions>h;hh;hpp;hxx;h++;hm;inl;inc;ipp;xsd</Extensions>
    </Filter>
    <Filter Include="Resource Files">
      <UniqueIdentifier>{67DA6AB6-F800-4c08-8B7A-83BB121AAD01}</UniqueIdentifier>
      <Extensions>rc;ico;cur;bmp;dlg;rc2;rct;bin;rgs;gif;jpg;jpeg;jpe;resx;tiff;tif;png;wav;mfcribbon-ms</Extensions>
    </Filter>
  </ItemGroup>
  <ItemGroup>
    <ClCompile Include="src\Application.cpp">
      <Filter>Source Files</Filter>
    </ClCompile>
    <ClCompile Include="src\Game.cpp">
      <Filter>Source Files</Filter>
    </ClCompile>
    <ClCompile Include="src\states\State.cpp">
      <Filter>Source Files</Filter>
    </ClCompile>
    <ClCompile Include="src\states\GameState.cpp">
      <Filter>Source Files</Filter>
    </ClCompile>
    <ClCompile Include="src\StateStack.cpp">
      <Filter>Source Files</Filter>
    </ClCompile>
    <ClCompile Include="src\Player.cpp">
      <Filter>Source Files</Filter>
    </ClCompile>
    <ClCompile Include="src\KeyBinding.cpp">
      <Filter>Source Files</Filter>
    </ClCompile>
    <ClCompile Include="src\states\MainMenuState.cpp">
      <Filter>Source Files</Filter>
    </ClCompile>
    <ClCompile Include="src\ui_objects\Button.cpp">
      <Filter>Source Files</Filter>
    </ClCompile>
    <ClCompile Include="src\ui_objects\UIObject.cpp">
      <Filter>Source Files</Filter>
    </ClCompile>
    <ClCompile Include="src\states\PauseState.cpp">
      <Filter>Source Files</Filter>
    </ClCompile>
    <ClCompile Include="src\inventory\Inventory.cpp">
      <Filter>Source Files</Filter>
    </ClCompile>
    <ClCompile Include="src\ui_objects\Label.cpp">
      <Filter>Source Files</Filter>
    </ClCompile>
    <ClCompile Include="src\Window.cpp">
      <Filter>Source Files</Filter>
    </ClCompile>
    <ClCompile Include="src\game_object\components\Movement.cpp">
      <Filter>Source Files</Filter>
    </ClCompile>
    <ClCompile Include="src\game_object\components\Rendering.cpp">
      <Filter>Source Files</Filter>
    </ClCompile>
    <ClCompile Include="src\game_object\components\Component.cpp">
      <Filter>Source Files</Filter>
    </ClCompile>
    <ClCompile Include="src\game_object\GameObject.cpp">
      <Filter>Source Files</Filter>
    </ClCompile>
    <ClCompile Include="src\states\SettingsState.cpp">
      <Filter>Source Files</Filter>
    </ClCompile>
    <ClCompile Include="src\game_object\components\Animation.cpp">
      <Filter>Source Files</Filter>
    </ClCompile>
    <ClCompile Include="src\game_object\components\Input.cpp">
      <Filter>Source Files</Filter>
    </ClCompile>
    <ClCompile Include="src\playground\animation\Animation_playground.cpp">
      <Filter>Source Files</Filter>
    </ClCompile>
    <ClCompile Include="src\game_object\components\Collider.cpp">
      <Filter>Source Files</Filter>
    </ClCompile>
    <ClCompile Include="src\playground\collision\Collision_playground.cpp">
      <Filter>Source Files</Filter>
    </ClCompile>
  </ItemGroup>
  <ItemGroup>
    <ClInclude Include="src\Game.h">
      <Filter>Header Files</Filter>
    </ClInclude>
    <ClInclude Include="src\Constants.h">
      <Filter>Header Files</Filter>
    </ClInclude>
    <ClInclude Include="src\states\State.h">
      <Filter>Header Files</Filter>
    </ClInclude>
    <ClInclude Include="src\states\GameState.h">
      <Filter>Header Files</Filter>
    </ClInclude>
    <ClInclude Include="src\StateStack.h">
      <Filter>Header Files</Filter>
    </ClInclude>
    <ClInclude Include="src\Player.h">
      <Filter>Header Files</Filter>
    </ClInclude>
    <ClInclude Include="src\KeyBinding.h">
      <Filter>Header Files</Filter>
    </ClInclude>
    <ClInclude Include="src\states\MainMenuState.h">
      <Filter>Header Files</Filter>
    </ClInclude>
    <ClInclude Include="src\ui_objects\Button.h">
      <Filter>Header Files</Filter>
    </ClInclude>
    <ClInclude Include="src\ui_objects\UIObject.h">
      <Filter>Header Files</Filter>
    </ClInclude>
    <ClInclude Include="src\ResourceHolder.h">
      <Filter>Header Files</Filter>
    </ClInclude>
    <ClInclude Include="src\states\PauseState.h">
      <Filter>Header Files</Filter>
    </ClInclude>
    <ClInclude Include="src\inventory\Inventory.h">
      <Filter>Header Files</Filter>
    </ClInclude>
    <ClInclude Include="src\ui_objects\Label.h">
      <Filter>Header Files</Filter>
    </ClInclude>
    <ClInclude Include="src\SharedContext.h">
      <Filter>Header Files</Filter>
    </ClInclude>
    <ClInclude Include="src\Window.h">
      <Filter>Header Files</Filter>
    </ClInclude>
    <ClInclude Include="src\game_object\components\Movement.h">
      <Filter>Header Files</Filter>
    </ClInclude>
    <ClInclude Include="src\game_object\components\Rendering.h">
      <Filter>Header Files</Filter>
    </ClInclude>
    <ClInclude Include="src\game_object\components\Component.h">
      <Filter>Header Files</Filter>
    </ClInclude>
    <ClInclude Include="src\game_object\components\ComponentTypes.h">
      <Filter>Header Files</Filter>
    </ClInclude>
    <ClInclude Include="src\game_object\GameObject.h">
      <Filter>Header Files</Filter>
    </ClInclude>
    <ClInclude Include="src\states\SettingsState.h">
      <Filter>Header Files</Filter>
    </ClInclude>
    <ClInclude Include="src\game_object\components\Animation.h">
      <Filter>Header Files</Filter>
    </ClInclude>
    <ClInclude Include="src\game_object\components\Input.h">
      <Filter>Header Files</Filter>
    </ClInclude>
    <ClInclude Include="src\playground\animation\Animation_playground.h">
      <Filter>Header Files</Filter>
    </ClInclude>
    <ClInclude Include="src\game_object\components\Collider.h">
      <Filter>Header Files</Filter>
    </ClInclude>
    <ClInclude Include="src\playground\collision\Collision_playground.h">
      <Filter>Header Files</Filter>
    </ClInclude>
  </ItemGroup>
  <ItemGroup>
    <Font Include="assets\fonts\Sansation.ttf" />
  </ItemGroup>
  <ItemGroup>
    <Image Include="assets\images\background.jpg">
      <Filter>Resource Files</Filter>
    </Image>
    <Image Include="assets\textures\tree.png">
      <Filter>Resource Files</Filter>
    </Image>
    <Image Include="assets\sprite_sheet\anim2.jpg">
      <Filter>Resource Files</Filter>
    </Image>
    <Image Include="assets\sprite_sheet\anim_idle.jpg">
      <Filter>Resource Files</Filter>
    </Image>
    <Image Include="assets\sprite_sheet\profs.png">
      <Filter>Resource Files</Filter>
    </Image>
    <Image Include="assets\sprite_sheet\character_idle_down.jpg">
      <Filter>Resource Files</Filter>
    </Image>
    <Image Include="assets\sprite_sheet\character_idle_up.jpg">
      <Filter>Resource Files</Filter>
    </Image>
    <Image Include="assets\sprite_sheet\character_idle_right.jpg">
      <Filter>Resource Files</Filter>
    </Image>
    <Image Include="assets\sprite_sheet\character_idle_left.jpg">
      <Filter>Resource Files</Filter>
    </Image>
    <Image Include="assets\textures\pirate.png">
      <Filter>Resource Files</Filter>
    </Image>
    <Image Include="assets\textures\berry_bush.png">
      <Filter>Resource Files</Filter>
    </Image>
    <Image Include="assets\textures\bush.png">
      <Filter>Resource Files</Filter>
    </Image>
    <Image Include="assets\textures\rock.png">
      <Filter>Resource Files</Filter>
    </Image>
    <Image Include="assets\textures\tree2.png">
      <Filter>Resource Files</Filter>
    </Image>
    <Image Include="assets\textures\sheet_idle.png">
      <Filter>Resource Files</Filter>
    </Image>
    <Image Include="assets\textures\barrel.png">
      <Filter>Resource Files</Filter>
    </Image>
    <Image Include="assets\textures\chest.png">
      <Filter>Resource Files</Filter>
    </Image>
    <Image Include="assets\textures\palm_tree.png">
      <Filter>Resource Files</Filter>
    </Image>
    <Image Include="assets\textures\simple_ship.png">
      <Filter>Resource Files</Filter>
    </Image>
    <Image Include="assets\textures\walk_left.png">
      <Filter>Resource Files</Filter>
    </Image>
    <Image Include="assets\textures\pirate_animations.png">
      <Filter>Resource Files</Filter>
    </Image>
    <Image Include="assets\textures\pirate_sheet.png">
      <Filter>Resource Files</Filter>
    </Image>
  </ItemGroup>
  <ItemGroup>
    <None Include="config\window.init" />
  </ItemGroup>
</Project>